
Microsoft Visual Studio Solution File, Format Version 12.00
# Visual Studio Version 17
VisualStudioVersion = 17.0.32112.339
MinimumVisualStudioVersion = 10.0.40219.1
Project("{9A19103F-16F7-4668-BE54-9A1E7A4F7556}") = "TWPC.ClubWebsite.Deployment", "TWPC.ClubWebsite.Deployment\TWPC.ClubWebsite.Deployment.csproj", "{F296CE7F-FC9E-45EA-98E1-F108FCA8262B}"
EndProject
Project("{9A19103F-16F7-4668-BE54-9A1E7A4F7556}") = "TWPC.ClubWebsite.Resources", "TWPC.ClubWebsite.Resources\TWPC.ClubWebsite.Resources.csproj", "{AB8DDC8C-F1F8-4C9B-91B2-3650F569B47D}"
EndProject
Project("{2150E333-8FDC-42A3-9474-1A3956D46DE8}") = "SolutionFiles", "SolutionFiles", "{E2C7CC6A-1633-4322-97CE-2311456DDE5E}"
	ProjectSection(SolutionItems) = preProject
		.gitignore = .gitignore
		azure-pipeline.yaml = azure-pipeline.yaml
		CODEOWNERS = CODEOWNERS
		LICENSE = LICENSE
		README.md = README.md
	EndProjectSection
EndProject
Project("{9A19103F-16F7-4668-BE54-9A1E7A4F7556}") = "TWPC.ClubWebsite.UI", "TWPC.ClubWebsite.UI\TWPC.ClubWebsite.UI.csproj", "{B9606878-3CE4-42D7-9C68-FDD31D9B05DF}"
EndProject
Global
	GlobalSection(SolutionConfigurationPlatforms) = preSolution
		Debug|Any CPU = Debug|Any CPU
		Release|Any CPU = Release|Any CPU
	EndGlobalSection
	GlobalSection(ProjectConfigurationPlatforms) = postSolution
		{F296CE7F-FC9E-45EA-98E1-F108FCA8262B}.Debug|Any CPU.ActiveCfg = Debug|Any CPU
		{F296CE7F-FC9E-45EA-98E1-F108FCA8262B}.Debug|Any CPU.Build.0 = Debug|Any CPU
		{F296CE7F-FC9E-45EA-98E1-F108FCA8262B}.Release|Any CPU.ActiveCfg = Release|Any CPU
		{F296CE7F-FC9E-45EA-98E1-F108FCA8262B}.Release|Any CPU.Build.0 = Release|Any CPU
		{AB8DDC8C-F1F8-4C9B-91B2-3650F569B47D}.Debug|Any CPU.ActiveCfg = Debug|Any CPU
		{AB8DDC8C-F1F8-4C9B-91B2-3650F569B47D}.Debug|Any CPU.Build.0 = Debug|Any CPU
		{AB8DDC8C-F1F8-4C9B-91B2-3650F569B47D}.Release|Any CPU.ActiveCfg = Release|Any CPU
		{AB8DDC8C-F1F8-4C9B-91B2-3650F569B47D}.Release|Any CPU.Build.0 = Release|Any CPU
		{B9606878-3CE4-42D7-9C68-FDD31D9B05DF}.Debug|Any CPU.ActiveCfg = Debug|Any CPU
		{B9606878-3CE4-42D7-9C68-FDD31D9B05DF}.Debug|Any CPU.Build.0 = Debug|Any CPU
		{B9606878-3CE4-42D7-9C68-FDD31D9B05DF}.Release|Any CPU.ActiveCfg = Release|Any CPU
		{B9606878-3CE4-42D7-9C68-FDD31D9B05DF}.Release|Any CPU.Build.0 = Release|Any CPU
	EndGlobalSection
	GlobalSection(SolutionProperties) = preSolution
		HideSolutionNode = FALSE
	EndGlobalSection
	GlobalSection(ExtensibilityGlobals) = postSolution
		SolutionGuid = {6FC7B913-76B1-47EC-BE31-3A1B0D97C8C1}
	EndGlobalSection
EndGlobal
